
Microsoft Visual Studio Solution File, Format Version 12.00
# Visual Studio Version 17
VisualStudioVersion = 17.4.33110.190
MinimumVisualStudioVersion = 10.0.40219.1
Project("{FAE04EC0-301F-11D3-BF4B-00C04F79EFBC}") = "01 Chapter Kiril", "01 Chapter Kiril.csproj", "{1CFF202D-23A1-49E5-BC82-4D0403CF4900}"
EndProject
Global
	GlobalSection(SolutionConfigurationPlatforms) = preSolution
		Debug|Any CPU = Debug|Any CPU
		Release|Any CPU = Release|Any CPU
	EndGlobalSection
	GlobalSection(ProjectConfigurationPlatforms) = postSolution
		{1CFF202D-23A1-49E5-BC82-4D0403CF4900}.Debug|Any CPU.ActiveCfg = Debug|Any CPU
		{1CFF202D-23A1-49E5-BC82-4D0403CF4900}.Debug|Any CPU.Build.0 = Debug|Any CPU
		{1CFF202D-23A1-49E5-BC82-4D0403CF4900}.Release|Any CPU.ActiveCfg = Release|Any CPU
		{1CFF202D-23A1-49E5-BC82-4D0403CF4900}.Release|Any CPU.Build.0 = Release|Any CPU
	EndGlobalSection
	GlobalSection(SolutionProperties) = preSolution
		HideSolutionNode = FALSE
	EndGlobalSection
	GlobalSection(ExtensibilityGlobals) = postSolution
		SolutionGuid = {DEA2444E-E1A1-4C7F-9068-52B69E5D2EE4}
	EndGlobalSection
EndGlobal
